
Microsoft Visual Studio Solution File, Format Version 12.00
# Visual Studio Version 16
VisualStudioVersion = 16.0.28803.202
MinimumVisualStudioVersion = 10.0.40219.1
Project("{2150E333-8FDC-42A3-9474-1A3956D46DE8}") = "src", "src", "{F2FBEC94-DA2F-4DB9-99C8-0597013C8E96}"
EndProject
Project("{2150E333-8FDC-42A3-9474-1A3956D46DE8}") = "lib", "lib", "{DB502613-EC2F-4EFF-BC0E-C102A156C51C}"
EndProject
Project("{FAE04EC0-301F-11D3-BF4B-00C04F79EFBC}") = "ModernPhysics.Web", "src\ModernPhysics.Web\ModernPhysics.Web.csproj", "{3C10C101-45B5-4896-89B8-0978D87D1ECD}"
EndProject
Global
	GlobalSection(SolutionConfigurationPlatforms) = preSolution
		Debug|Any CPU = Debug|Any CPU
		Release|Any CPU = Release|Any CPU
	EndGlobalSection
	GlobalSection(ProjectConfigurationPlatforms) = postSolution
		{3C10C101-45B5-4896-89B8-0978D87D1ECD}.Debug|Any CPU.ActiveCfg = Debug|Any CPU
		{3C10C101-45B5-4896-89B8-0978D87D1ECD}.Debug|Any CPU.Build.0 = Debug|Any CPU
		{3C10C101-45B5-4896-89B8-0978D87D1ECD}.Release|Any CPU.ActiveCfg = Release|Any CPU
		{3C10C101-45B5-4896-89B8-0978D87D1ECD}.Release|Any CPU.Build.0 = Release|Any CPU
	EndGlobalSection
	GlobalSection(SolutionProperties) = preSolution
		HideSolutionNode = FALSE
	EndGlobalSection
	GlobalSection(NestedProjects) = preSolution
		{3C10C101-45B5-4896-89B8-0978D87D1ECD} = {F2FBEC94-DA2F-4DB9-99C8-0597013C8E96}
	EndGlobalSection
	GlobalSection(ExtensibilityGlobals) = postSolution
		SolutionGuid = {7A2AB1BD-203E-4199-A297-6DD48AE37091}
	EndGlobalSection
EndGlobal
